
Microsoft Visual Studio Solution File, Format Version 12.00
# Visual Studio Version 17
VisualStudioVersion = 17.14.36616.10
MinimumVisualStudioVersion = 10.0.40219.1
Project("{FAE04EC0-301F-11D3-BF4B-00C04F79EFBC}") = "background-job-worker", "background-job-worker\background-job-worker.csproj", "{4D870932-2737-4F04-842B-51BB25A3A883}"
EndProject
Project("{FAE04EC0-301F-11D3-BF4B-00C04F79EFBC}") = "platform-core-service.Common", "..\platform-core-service\platform-core-service.Common\platform-core-service.Common.csproj", "{72093F97-6382-C121-F964-34850DF07D52}"
EndProject
Project("{FAE04EC0-301F-11D3-BF4B-00C04F79EFBC}") = "platform-core-service.Data", "..\platform-core-service\platform-core-service.Data\platform-core-service.Data.csproj", "{516EAAB8-6C5C-A30C-969B-C29434EAA47F}"
EndProject
Global
	GlobalSection(SolutionConfigurationPlatforms) = preSolution
		Debug|Any CPU = Debug|Any CPU
		Release|Any CPU = Release|Any CPU
	EndGlobalSection
	GlobalSection(ProjectConfigurationPlatforms) = postSolution
		{4D870932-2737-4F04-842B-51BB25A3A883}.Debug|Any CPU.ActiveCfg = Debug|Any CPU
		{4D870932-2737-4F04-842B-51BB25A3A883}.Debug|Any CPU.Build.0 = Debug|Any CPU
		{4D870932-2737-4F04-842B-51BB25A3A883}.Release|Any CPU.ActiveCfg = Release|Any CPU
		{4D870932-2737-4F04-842B-51BB25A3A883}.Release|Any CPU.Build.0 = Release|Any CPU
		{72093F97-6382-C121-F964-34850DF07D52}.Debug|Any CPU.ActiveCfg = Debug|Any CPU
		{72093F97-6382-C121-F964-34850DF07D52}.Debug|Any CPU.Build.0 = Debug|Any CPU
		{72093F97-6382-C121-F964-34850DF07D52}.Release|Any CPU.ActiveCfg = Release|Any CPU
		{72093F97-6382-C121-F964-34850DF07D52}.Release|Any CPU.Build.0 = Release|Any CPU
		{516EAAB8-6C5C-A30C-969B-C29434EAA47F}.Debug|Any CPU.ActiveCfg = Debug|Any CPU
		{516EAAB8-6C5C-A30C-969B-C29434EAA47F}.Debug|Any CPU.Build.0 = Debug|Any CPU
		{516EAAB8-6C5C-A30C-969B-C29434EAA47F}.Release|Any CPU.ActiveCfg = Release|Any CPU
		{516EAAB8-6C5C-A30C-969B-C29434EAA47F}.Release|Any CPU.Build.0 = Release|Any CPU
	EndGlobalSection
	GlobalSection(SolutionProperties) = preSolution
		HideSolutionNode = FALSE
	EndGlobalSection
	GlobalSection(ExtensibilityGlobals) = postSolution
		SolutionGuid = {0E232556-AC38-48A2-9F2F-99F959DDF8FB}
	EndGlobalSection
EndGlobal
