Microsoft Visual Studio Solution File, Format Version 12.00
# Visual Studio Version 17
VisualStudioVersion = 17.5.2.0
MinimumVisualStudioVersion = 10.0.40219.1
Project("{FAE04EC0-301F-11D3-BF4B-00C04F79EFBC}") = "background-job-worker", "background-job-worker.csproj", "{CB6F6BC4-EEF9-80FF-B19E-90DA575F0E97}"
EndProject
Global
	GlobalSection(SolutionConfigurationPlatforms) = preSolution
		Debug|Any CPU = Debug|Any CPU
		Release|Any CPU = Release|Any CPU
	EndGlobalSection
	GlobalSection(ProjectConfigurationPlatforms) = postSolution
		{CB6F6BC4-EEF9-80FF-B19E-90DA575F0E97}.Debug|Any CPU.ActiveCfg = Debug|Any CPU
		{CB6F6BC4-EEF9-80FF-B19E-90DA575F0E97}.Debug|Any CPU.Build.0 = Debug|Any CPU
		{CB6F6BC4-EEF9-80FF-B19E-90DA575F0E97}.Release|Any CPU.ActiveCfg = Release|Any CPU
		{CB6F6BC4-EEF9-80FF-B19E-90DA575F0E97}.Release|Any CPU.Build.0 = Release|Any CPU
	EndGlobalSection
	GlobalSection(SolutionProperties) = preSolution
		HideSolutionNode = FALSE
	EndGlobalSection
	GlobalSection(ExtensibilityGlobals) = postSolution
		SolutionGuid = {CFDF04C4-FA9E-4E69-9977-91356834F7EC}
	EndGlobalSection
EndGlobal
